
Microsoft Visual Studio Solution File, Format Version 12.00
# Visual Studio Version 17
VisualStudioVersion = 17.8.34601.278
MinimumVisualStudioVersion = 10.0.40219.1
Project("{FAE04EC0-301F-11D3-BF4B-00C04F79EFBC}") = "HamedStack.CronScheduler", "HamedStack.CronScheduler\HamedStack.CronScheduler.csproj", "{8EFC4D3C-42B4-4FE4-B979-46C6D41D318A}"
EndProject
Global
	GlobalSection(SolutionConfigurationPlatforms) = preSolution
		Debug|Any CPU = Debug|Any CPU
		Release|Any CPU = Release|Any CPU
	EndGlobalSection
	GlobalSection(ProjectConfigurationPlatforms) = postSolution
		{8EFC4D3C-42B4-4FE4-B979-46C6D41D318A}.Debug|Any CPU.ActiveCfg = Debug|Any CPU
		{8EFC4D3C-42B4-4FE4-B979-46C6D41D318A}.Debug|Any CPU.Build.0 = Debug|Any CPU
		{8EFC4D3C-42B4-4FE4-B979-46C6D41D318A}.Release|Any CPU.ActiveCfg = Release|Any CPU
		{8EFC4D3C-42B4-4FE4-B979-46C6D41D318A}.Release|Any CPU.Build.0 = Release|Any CPU
	EndGlobalSection
	GlobalSection(SolutionProperties) = preSolution
		HideSolutionNode = FALSE
	EndGlobalSection
	GlobalSection(ExtensibilityGlobals) = postSolution
		SolutionGuid = {CFD9B9E5-035B-4F8C-82B5-029BE15F20F4}
	EndGlobalSection
EndGlobal
